
Microsoft Visual Studio Solution File, Format Version 12.00
# Visual Studio Version 17
VisualStudioVersion = 17.6.33815.320
MinimumVisualStudioVersion = 10.0.40219.1
Project("{FAE04EC0-301F-11D3-BF4B-00C04F79EFBC}") = "AlmondWeb.WebApp", "AlmondWeb.WebApp\AlmondWeb.WebApp.csproj", "{D68DF3D6-956C-48C7-87D1-8AF79F22AC62}"
EndProject
Project("{FAE04EC0-301F-11D3-BF4B-00C04F79EFBC}") = "AlmondWeb.BusinessLayer", "AlmondWeb.BusinessLayer\AlmondWeb.BusinessLayer.csproj", "{75E4DCB5-20CC-42CE-BA8C-AEBFC1F84FC7}"
EndProject
Project("{FAE04EC0-301F-11D3-BF4B-00C04F79EFBC}") = "AlmondWeb.DataAccessLayer", "AlmondWeb.DataAccessLayer\AlmondWeb.DataAccessLayer.csproj", "{8044D189-F276-4B3C-BF93-BBB6977B0342}"
EndProject
Project("{FAE04EC0-301F-11D3-BF4B-00C04F79EFBC}") = "AlmondWeb.Entities", "AlmondWeb.Entities\AlmondWeb.Entities.csproj", "{D3780B67-CDB3-4BAB-AF09-830DF6C6D5C9}"
EndProject
Project("{FAE04EC0-301F-11D3-BF4B-00C04F79EFBC}") = "AlmondWeb.Common", "AlmondWeb.Common\AlmondWeb.Common.csproj", "{869C47F1-85D4-4C0A-9BD9-A0D40010B922}"
EndProject
Global
	GlobalSection(SolutionConfigurationPlatforms) = preSolution
		Debug|Any CPU = Debug|Any CPU
		Release|Any CPU = Release|Any CPU
	EndGlobalSection
	GlobalSection(ProjectConfigurationPlatforms) = postSolution
		{D68DF3D6-956C-48C7-87D1-8AF79F22AC62}.Debug|Any CPU.ActiveCfg = Debug|Any CPU
		{D68DF3D6-956C-48C7-87D1-8AF79F22AC62}.Debug|Any CPU.Build.0 = Debug|Any CPU
		{D68DF3D6-956C-48C7-87D1-8AF79F22AC62}.Release|Any CPU.ActiveCfg = Release|Any CPU
		{D68DF3D6-956C-48C7-87D1-8AF79F22AC62}.Release|Any CPU.Build.0 = Release|Any CPU
		{75E4DCB5-20CC-42CE-BA8C-AEBFC1F84FC7}.Debug|Any CPU.ActiveCfg = Debug|Any CPU
		{75E4DCB5-20CC-42CE-BA8C-AEBFC1F84FC7}.Debug|Any CPU.Build.0 = Debug|Any CPU
		{75E4DCB5-20CC-42CE-BA8C-AEBFC1F84FC7}.Release|Any CPU.ActiveCfg = Release|Any CPU
		{75E4DCB5-20CC-42CE-BA8C-AEBFC1F84FC7}.Release|Any CPU.Build.0 = Release|Any CPU
		{8044D189-F276-4B3C-BF93-BBB6977B0342}.Debug|Any CPU.ActiveCfg = Debug|Any CPU
		{8044D189-F276-4B3C-BF93-BBB6977B0342}.Debug|Any CPU.Build.0 = Debug|Any CPU
		{8044D189-F276-4B3C-BF93-BBB6977B0342}.Release|Any CPU.ActiveCfg = Release|Any CPU
		{8044D189-F276-4B3C-BF93-BBB6977B0342}.Release|Any CPU.Build.0 = Release|Any CPU
		{D3780B67-CDB3-4BAB-AF09-830DF6C6D5C9}.Debug|Any CPU.ActiveCfg = Debug|Any CPU
		{D3780B67-CDB3-4BAB-AF09-830DF6C6D5C9}.Debug|Any CPU.Build.0 = Debug|Any CPU
		{D3780B67-CDB3-4BAB-AF09-830DF6C6D5C9}.Release|Any CPU.ActiveCfg = Release|Any CPU
		{D3780B67-CDB3-4BAB-AF09-830DF6C6D5C9}.Release|Any CPU.Build.0 = Release|Any CPU
		{869C47F1-85D4-4C0A-9BD9-A0D40010B922}.Debug|Any CPU.ActiveCfg = Debug|Any CPU
		{869C47F1-85D4-4C0A-9BD9-A0D40010B922}.Debug|Any CPU.Build.0 = Debug|Any CPU
		{869C47F1-85D4-4C0A-9BD9-A0D40010B922}.Release|Any CPU.ActiveCfg = Release|Any CPU
		{869C47F1-85D4-4C0A-9BD9-A0D40010B922}.Release|Any CPU.Build.0 = Release|Any CPU
	EndGlobalSection
	GlobalSection(SolutionProperties) = preSolution
		HideSolutionNode = FALSE
	EndGlobalSection
	GlobalSection(ExtensibilityGlobals) = postSolution
		SolutionGuid = {470514CB-6314-4883-89E8-C85735C99F96}
	EndGlobalSection
EndGlobal
